
Microsoft Visual Studio Solution File, Format Version 12.00
# Visual Studio Version 16
VisualStudioVersion = 16.0.28407.52
MinimumVisualStudioVersion = 10.0.40219.1
Project("{2150E333-8FDC-42A3-9474-1A3956D46DE8}") = "Solution Items", "Solution Items", "{A6015393-39EA-44E3-BF0A-37D2BC5CC874}"
	ProjectSection(SolutionItems) = preProject
		global.json = global.json
		LICENSE.txt = LICENSE.txt
		README.md = README.md
	EndProjectSection
EndProject
Project("{9A19103F-16F7-4668-BE54-9A1E7A4F7556}") = "HashidsCore.NET", "src\HashidsCore.NET\HashidsCore.NET.csproj", "{190F4F0E-7D6E-4FD8-9C88-0A87D95B51B7}"
EndProject
Project("{9A19103F-16F7-4668-BE54-9A1E7A4F7556}") = "HashidsCore.NET.Tests", "test\HashidsCore.NET.Tests\HashidsCore.NET.Tests.csproj", "{B6DA8611-2160-4924-95E4-D3DCBFCEEE0D}"
EndProject
Global
	GlobalSection(SolutionConfigurationPlatforms) = preSolution
		Debug|Any CPU = Debug|Any CPU
		NET40|Any CPU = NET40|Any CPU
		NET45|Any CPU = NET45|Any CPU
		Release|Any CPU = Release|Any CPU
	EndGlobalSection
	GlobalSection(ProjectConfigurationPlatforms) = postSolution
		{190F4F0E-7D6E-4FD8-9C88-0A87D95B51B7}.Debug|Any CPU.ActiveCfg = Debug|Any CPU
		{190F4F0E-7D6E-4FD8-9C88-0A87D95B51B7}.Debug|Any CPU.Build.0 = Debug|Any CPU
		{190F4F0E-7D6E-4FD8-9C88-0A87D95B51B7}.NET40|Any CPU.ActiveCfg = Debug|Any CPU
		{190F4F0E-7D6E-4FD8-9C88-0A87D95B51B7}.NET40|Any CPU.Build.0 = Debug|Any CPU
		{190F4F0E-7D6E-4FD8-9C88-0A87D95B51B7}.NET45|Any CPU.ActiveCfg = Debug|Any CPU
		{190F4F0E-7D6E-4FD8-9C88-0A87D95B51B7}.NET45|Any CPU.Build.0 = Debug|Any CPU
		{190F4F0E-7D6E-4FD8-9C88-0A87D95B51B7}.Release|Any CPU.ActiveCfg = Release|Any CPU
		{190F4F0E-7D6E-4FD8-9C88-0A87D95B51B7}.Release|Any CPU.Build.0 = Release|Any CPU
		{B6DA8611-2160-4924-95E4-D3DCBFCEEE0D}.Debug|Any CPU.ActiveCfg = Debug|Any CPU
		{B6DA8611-2160-4924-95E4-D3DCBFCEEE0D}.Debug|Any CPU.Build.0 = Debug|Any CPU
		{B6DA8611-2160-4924-95E4-D3DCBFCEEE0D}.NET40|Any CPU.ActiveCfg = Debug|Any CPU
		{B6DA8611-2160-4924-95E4-D3DCBFCEEE0D}.NET40|Any CPU.Build.0 = Debug|Any CPU
		{B6DA8611-2160-4924-95E4-D3DCBFCEEE0D}.NET45|Any CPU.ActiveCfg = Debug|Any CPU
		{B6DA8611-2160-4924-95E4-D3DCBFCEEE0D}.NET45|Any CPU.Build.0 = Debug|Any CPU
		{B6DA8611-2160-4924-95E4-D3DCBFCEEE0D}.Release|Any CPU.ActiveCfg = Release|Any CPU
		{B6DA8611-2160-4924-95E4-D3DCBFCEEE0D}.Release|Any CPU.Build.0 = Release|Any CPU
	EndGlobalSection
	GlobalSection(SolutionProperties) = preSolution
		HideSolutionNode = FALSE
	EndGlobalSection
	GlobalSection(ExtensibilityGlobals) = postSolution
		SolutionGuid = {4416256D-35C2-4C94-BC8F-E3C0D22926D3}
	EndGlobalSection
EndGlobal
